<?xml version="1.0" encoding="utf-8"?>
<Project ToolsVersion="4.0" xmlns="http://schemas.microsoft.com/developer/msbuild/2003">
  <ItemGroup>
    <Filter Include="Source Files">
      <UniqueIdentifier>{4FC737F1-C7A5-4376-A066-2A32D752A2FF}</UniqueIdentifier>
      <Extensions>cpp;c;cc;cxx;c++;cppm;ixx;def;odl;idl;hpj;bat;asm;asmx</Extensions>
    </Filter>
    <Filter Include="Header Files">
      <UniqueIdentifier>{93995380-89BD-4b04-88EB-625FBE52EBFB}</UniqueIdentifier>
      <Extensions>h;hh;hpp;hxx;h++;hm;inl;inc;ipp;xsd</Extensions>
    </Filter>
    <Filter Include="Resource Files">
      <UniqueIdentifier>{67DA6AB6-F800-4c08-8B7A-83BB121AAD01}</UniqueIdentifier>
      <Extensions>rc;ico;cur;bmp;dlg;rc2;rct;bin;rgs;gif;jpg;jpeg;jpe;resx;tiff;tif;png;wav;mfcribbon-ms</Extensions>
    </Filter>
    <Filter Include="Source Files\src">
      <UniqueIdentifier>{670c57f7-a18f-4402-b8ed-ad4cafdb15ca}</UniqueIdentifier>
    </Filter>
    <Filter Include="Source Files\src\assets">
      <UniqueIdentifier>{bd4ece4c-db49-4d9b-87f6-fb108594a135}</UniqueIdentifier>
    </Filter>
    <Filter Include="Source Files\src\assets\shaders">
      <UniqueIdentifier>{815d565d-acc0-4890-b10e-80e8a0cfb90e}</UniqueIdentifier>
    </Filter>
  </ItemGroup>
  <ItemGroup>
    <ClCompile Include="src\main\main.cpp">
      <Filter>Source Files\src</Filter>
    </ClCompile>
    <ClCompile Include="src\main\Utils\MathHelper.cpp">
      <Filter>Source Files</Filter>
    </ClCompile>
    <ClCompile Include="src\main\Utils\Clock.cpp">
      <Filter>Source Files</Filter>
    </ClCompile>
    <ClCompile Include="src\main\Utils\LogUtils.cpp">
      <Filter>Source Files</Filter>
    </ClCompile>
    <ClCompile Include="src\main\Minecraft\Core.cpp">
      <Filter>Source Files</Filter>
    </ClCompile>
    <ClCompile Include="src\main\RenderEngine\Window.cpp">
      <Filter>Source Files</Filter>
    </ClCompile>
    <ClCompile Include="src\main\RenderEngine\OpenGL\Shader\Shader.cpp">
      <Filter>Source Files</Filter>
    </ClCompile>
    <ClCompile Include="src\main\RenderEngine\Camera\camera.cpp">
      <Filter>Source Files</Filter>
    </ClCompile>
    <ClCompile Include="src\main\Minecraft\Client\Client.cpp">
      <Filter>Source Files</Filter>
    </ClCompile>
    <ClCompile Include="src\main\RenderEngine\GUI\GUI.cpp">
      <Filter>Source Files</Filter>
    </ClCompile>
    <ClCompile Include="src\main\RenderEngine\Frustum\frustum.cpp">
      <Filter>Source Files</Filter>
    </ClCompile>
    <ClCompile Include="src\main\RenderEngine\OpenGL\OpenGL.cpp">
      <Filter>Source Files</Filter>
    </ClCompile>
    <ClCompile Include="src\main\Minecraft\World\Level\Chunk\Chunk.cpp">
      <Filter>Source Files</Filter>
    </ClCompile>
    <ClCompile Include="src\main\Minecraft\World\Level\Block\Block.cpp">
      <Filter>Source Files</Filter>
    </ClCompile>
    <ClCompile Include="src\main\Minecraft\World\WorldContainer.cpp">
      <Filter>Source Files</Filter>
    </ClCompile>
    <ClCompile Include="src\main\Minecraft\Core\Registry.cpp">
      <Filter>Source Files</Filter>
    </ClCompile>
    <ClCompile Include="src\main\Minecraft\World\World.cpp">
      <Filter>Source Files</Filter>
    </ClCompile>
    <ClCompile Include="src\main\Minecraft\World\Level\WorldGen\ChunkGenerator.cpp">
      <Filter>Source Files</Filter>
    </ClCompile>
    <ClCompile Include="src\main\RenderEngine\ChunkRenderer\Mesh\Mesher.cpp">
      <Filter>Source Files</Filter>
    </ClCompile>
    <ClCompile Include="src\main\Minecraft\Client\Renderer\PlayerFOV.cpp">
      <Filter>Source Files</Filter>
    </ClCompile>
    <ClCompile Include="src\main\Utils\NumGen.cpp">
      <Filter>Source Files</Filter>
    </ClCompile>
    <ClCompile Include="src\main\Minecraft\World\Entity\Entity.cpp">
      <Filter>Source Files</Filter>
    </ClCompile>
    <ClCompile Include="src\main\Minecraft\World\Entity\EntityType.cpp">
      <Filter>Source Files</Filter>
    </ClCompile>
  </ItemGroup>
  <ItemGroup>
    <None Include="assets\shaders\vert.glsl">
      <Filter>Source Files\src\assets\shaders</Filter>
    </None>
    <None Include="assets\shaders\frag.glsl">
      <Filter>Source Files\src\assets\shaders</Filter>
    </None>
    <None Include="assets\shaders\depthfrag.glsl" />
    <None Include="assets\shaders\depthvert.glsl" />
    <None Include="assets\shaders\TransparentChunkFrag.glsl" />
    <None Include="assets\shaders\TransparentChunkVert.glsl" />
    <None Include="assets\shaders\screen\frag.glsl" />
    <None Include="assets\shaders\screen\vert.glsl" />
    <None Include="assets\shaders\GUI\vert.glsl" />
    <None Include="assets\shaders\GUI\frag.glsl" />
    <None Include="assets\shaders\GUI\fontfrag.glsl" />
    <None Include="assets\shaders\GUI\fontvert.glsl" />
  </ItemGroup>
  <ItemGroup>
    <ClInclude Include="src\main\Utils\MathHelper.h">
      <Filter>Header Files</Filter>
    </ClInclude>
    <ClInclude Include="src\main\Utils\FastNoiseLite.h">
      <Filter>Header Files</Filter>
    </ClInclude>
    <ClInclude Include="src\main\Utils\Clock.h">
      <Filter>Header Files</Filter>
    </ClInclude>
    <ClInclude Include="src\main\Utils\LogUtils.h">
      <Filter>Header Files</Filter>
    </ClInclude>
    <ClInclude Include="src\main\Minecraft\Core.h">
      <Filter>Header Files</Filter>
    </ClInclude>
    <ClInclude Include="src\main\RenderEngine\Window.h">
      <Filter>Header Files</Filter>
    </ClInclude>
    <ClInclude Include="src\main\RenderEngine\OpenGL\Shader\Shader.h">
      <Filter>Header Files</Filter>
    </ClInclude>
    <ClInclude Include="src\main\RenderEngine\ChunkRenderer\ChunkRenderer.h">
      <Filter>Header Files</Filter>
    </ClInclude>
    <ClInclude Include="src\main\RenderEngine\Camera\camera.h">
      <Filter>Header Files</Filter>
    </ClInclude>
    <ClInclude Include="src\main\Minecraft\Client\Client.h">
      <Filter>Header Files</Filter>
    </ClInclude>
    <ClInclude Include="src\main\RenderEngine\GUI\GUI.h">
      <Filter>Header Files</Filter>
    </ClInclude>
    <ClInclude Include="src\main\RenderEngine\OpenGL\Framebuffer\Framebuffer.h">
      <Filter>Header Files</Filter>
    </ClInclude>
    <ClInclude Include="src\main\RenderEngine\OpenGL\Texture\Texture.h">
      <Filter>Header Files</Filter>
    </ClInclude>
    <ClInclude Include="src\main\RenderEngine\Frustum\frustum.h">
      <Filter>Header Files</Filter>
    </ClInclude>
    <ClInclude Include="src\main\RenderEngine\OpenGL\Texture\stb_image.h">
      <Filter>Header Files</Filter>
    </ClInclude>
    <ClInclude Include="src\main\RenderEngine\OpenGL\OpenGL.h">
      <Filter>Header Files</Filter>
    </ClInclude>
    <ClInclude Include="src\main\Minecraft\World\Level\Chunk\Chunk.h">
      <Filter>Header Files</Filter>
    </ClInclude>
    <ClInclude Include="src\main\Minecraft\World\WorldContainer.h">
      <Filter>Header Files</Filter>
    </ClInclude>
    <ClInclude Include="src\main\Minecraft\Core\Registry.h">
      <Filter>Header Files</Filter>
    </ClInclude>
    <ClInclude Include="src\main\Minecraft\World\World.h">
      <Filter>Header Files</Filter>
    </ClInclude>
    <ClInclude Include="src\main\Minecraft\World\Level\WorldGen\ChunkGenerator.h">
      <Filter>Header Files</Filter>
    </ClInclude>
    <ClInclude Include="src\main\RenderEngine\ChunkRenderer\Mesh\Mesher.h">
      <Filter>Header Files</Filter>
    </ClInclude>
    <ClInclude Include="src\main\RenderEngine\ChunkRenderer\Mesh\TexMap.h">
      <Filter>Header Files</Filter>
    </ClInclude>
    <ClInclude Include="src\main\Minecraft\World\Level\Block\Blocks.h">
      <Filter>Header Files</Filter>
    </ClInclude>
    <ClInclude Include="src\main\Minecraft\World\Level\Block\Block.h">
      <Filter>Header Files</Filter>
    </ClInclude>
    <ClInclude Include="src\main\Utils\BetterMutex.h">
      <Filter>Header Files</Filter>
    </ClInclude>
    <ClInclude Include="src\main\Minecraft\Client\Renderer\PlayerFOV.h">
      <Filter>Header Files</Filter>
    </ClInclude>
    <ClInclude Include="src\main\Minecraft\World\Entity\Entity.h">
      <Filter>Header Files</Filter>
    </ClInclude>
    <ClInclude Include="src\main\Utils\NumGen.h">
      <Filter>Header Files</Filter>
    </ClInclude>
    <ClInclude Include="src\main\Minecraft\World\Entity\Entities\Player.h">
      <Filter>Header Files</Filter>
    </ClInclude>
    <ClInclude Include="src\main\Minecraft\World\Entity\EntityType.h">
      <Filter>Header Files</Filter>
    </ClInclude>
    <ClInclude Include="src\main\Minecraft\Client\WorldMGR\WorldMGR.h">
      <Filter>Header Files</Filter>
    </ClInclude>
  </ItemGroup>
  <ItemGroup>
    <Text Include="src\task.txt" />
  </ItemGroup>
</Project>